
Microsoft Visual Studio Solution File, Format Version 12.00
# Visual Studio Version 17
VisualStudioVersion = 17.13.36105.23
MinimumVisualStudioVersion = 10.0.40219.1
Project("{FAE04EC0-301F-11D3-BF4B-00C04F79EFBC}") = "Infokom.Tools", "Infokom.Tools\Infokom.Tools.csproj", "{F681B591-85F9-4597-8E51-AF381EC4B441}"
EndProject
Project("{2150E333-8FDC-42A3-9474-1A3956D46DE8}") = "Apps", "Apps", "{02EA681E-C7D8-13C7-8484-4AC65E1B71E8}"
EndProject
Project("{2150E333-8FDC-42A3-9474-1A3956D46DE8}") = "Web", "Web", "{CC62D27A-3DB7-4CC7-A9FF-6BFE0DCD1052}"
EndProject
Project("{FAE04EC0-301F-11D3-BF4B-00C04F79EFBC}") = "Infokom.Tools.Apps.Blazor.WebAssembly.WebTools", "Infokom.Tools.Apps.Blazor.WebAssembly.WebTools\Infokom.Tools.Apps.Blazor.WebAssembly.WebTools.csproj", "{22C77824-28D1-4DDD-ACFB-0935D445ACE6}"
EndProject
Global
	GlobalSection(SolutionConfigurationPlatforms) = preSolution
		Debug|Any CPU = Debug|Any CPU
		Release|Any CPU = Release|Any CPU
	EndGlobalSection
	GlobalSection(ProjectConfigurationPlatforms) = postSolution
		{F681B591-85F9-4597-8E51-AF381EC4B441}.Debug|Any CPU.ActiveCfg = Debug|Any CPU
		{F681B591-85F9-4597-8E51-AF381EC4B441}.Debug|Any CPU.Build.0 = Debug|Any CPU
		{F681B591-85F9-4597-8E51-AF381EC4B441}.Release|Any CPU.ActiveCfg = Release|Any CPU
		{F681B591-85F9-4597-8E51-AF381EC4B441}.Release|Any CPU.Build.0 = Release|Any CPU
		{22C77824-28D1-4DDD-ACFB-0935D445ACE6}.Debug|Any CPU.ActiveCfg = Debug|Any CPU
		{22C77824-28D1-4DDD-ACFB-0935D445ACE6}.Debug|Any CPU.Build.0 = Debug|Any CPU
		{22C77824-28D1-4DDD-ACFB-0935D445ACE6}.Release|Any CPU.ActiveCfg = Release|Any CPU
		{22C77824-28D1-4DDD-ACFB-0935D445ACE6}.Release|Any CPU.Build.0 = Release|Any CPU
	EndGlobalSection
	GlobalSection(SolutionProperties) = preSolution
		HideSolutionNode = FALSE
	EndGlobalSection
	GlobalSection(NestedProjects) = preSolution
		{CC62D27A-3DB7-4CC7-A9FF-6BFE0DCD1052} = {02EA681E-C7D8-13C7-8484-4AC65E1B71E8}
		{22C77824-28D1-4DDD-ACFB-0935D445ACE6} = {CC62D27A-3DB7-4CC7-A9FF-6BFE0DCD1052}
	EndGlobalSection
	GlobalSection(ExtensibilityGlobals) = postSolution
		SolutionGuid = {A81057B0-5935-4A0F-9EF3-B5AACE7BE23D}
	EndGlobalSection
EndGlobal
