
Microsoft Visual Studio Solution File, Format Version 12.00
# Visual Studio Version 17
VisualStudioVersion = 17.13.36105.23
MinimumVisualStudioVersion = 10.0.40219.1
Project("{FAE04EC0-301F-11D3-BF4B-00C04F79EFBC}") = "Infokom.Tools.Apps.WPF.WpfApp", "Infokom.Tools.Apps.WPF.WpfApp\Infokom.Tools.Apps.WPF.WpfApp.csproj", "{03569357-8E6D-468C-B3E3-0F25B6C73E63}"
EndProject
Project("{FAE04EC0-301F-11D3-BF4B-00C04F79EFBC}") = "Infokom.Tools.Crypto", "Infokom.Tools.Crypto\Infokom.Tools.Crypto.csproj", "{87BAD879-1F6E-4F53-87AD-625155DA0671}"
EndProject
Project("{FAE04EC0-301F-11D3-BF4B-00C04F79EFBC}") = "Infokom.Tools", "Infokom.Tools\Infokom.Tools.csproj", "{F681B591-85F9-4597-8E51-AF381EC4B441}"
EndProject
Project("{FAE04EC0-301F-11D3-BF4B-00C04F79EFBC}") = "Infokom.Tools.Converters", "Infokom.Tools.Converters\Infokom.Tools.Converters.csproj", "{876A4CAD-2A66-4956-9316-88B609F41AE1}"
EndProject
Project("{2150E333-8FDC-42A3-9474-1A3956D46DE8}") = "Apps", "Apps", "{02EA681E-C7D8-13C7-8484-4AC65E1B71E8}"
EndProject
Project("{2150E333-8FDC-42A3-9474-1A3956D46DE8}") = "Web", "Web", "{CC62D27A-3DB7-4CC7-A9FF-6BFE0DCD1052}"
EndProject
Project("{FAE04EC0-301F-11D3-BF4B-00C04F79EFBC}") = "Infokom.Tools.Apps.Web.WebTools", "Infokom.Tools.Apps.Web.WebTools\Infokom.Tools.Apps.Web.WebTools.csproj", "{5FBD8937-1009-4C3D-9E25-2CA5F6AEEEDC}"
EndProject
Global
	GlobalSection(SolutionConfigurationPlatforms) = preSolution
		Debug|Any CPU = Debug|Any CPU
		Release|Any CPU = Release|Any CPU
	EndGlobalSection
	GlobalSection(ProjectConfigurationPlatforms) = postSolution
		{03569357-8E6D-468C-B3E3-0F25B6C73E63}.Debug|Any CPU.ActiveCfg = Debug|Any CPU
		{03569357-8E6D-468C-B3E3-0F25B6C73E63}.Debug|Any CPU.Build.0 = Debug|Any CPU
		{03569357-8E6D-468C-B3E3-0F25B6C73E63}.Release|Any CPU.ActiveCfg = Release|Any CPU
		{03569357-8E6D-468C-B3E3-0F25B6C73E63}.Release|Any CPU.Build.0 = Release|Any CPU
		{87BAD879-1F6E-4F53-87AD-625155DA0671}.Debug|Any CPU.ActiveCfg = Debug|Any CPU
		{87BAD879-1F6E-4F53-87AD-625155DA0671}.Debug|Any CPU.Build.0 = Debug|Any CPU
		{87BAD879-1F6E-4F53-87AD-625155DA0671}.Release|Any CPU.ActiveCfg = Release|Any CPU
		{87BAD879-1F6E-4F53-87AD-625155DA0671}.Release|Any CPU.Build.0 = Release|Any CPU
		{F681B591-85F9-4597-8E51-AF381EC4B441}.Debug|Any CPU.ActiveCfg = Debug|Any CPU
		{F681B591-85F9-4597-8E51-AF381EC4B441}.Debug|Any CPU.Build.0 = Debug|Any CPU
		{F681B591-85F9-4597-8E51-AF381EC4B441}.Release|Any CPU.ActiveCfg = Release|Any CPU
		{F681B591-85F9-4597-8E51-AF381EC4B441}.Release|Any CPU.Build.0 = Release|Any CPU
		{876A4CAD-2A66-4956-9316-88B609F41AE1}.Debug|Any CPU.ActiveCfg = Debug|Any CPU
		{876A4CAD-2A66-4956-9316-88B609F41AE1}.Debug|Any CPU.Build.0 = Debug|Any CPU
		{876A4CAD-2A66-4956-9316-88B609F41AE1}.Release|Any CPU.ActiveCfg = Release|Any CPU
		{876A4CAD-2A66-4956-9316-88B609F41AE1}.Release|Any CPU.Build.0 = Release|Any CPU
		{5FBD8937-1009-4C3D-9E25-2CA5F6AEEEDC}.Debug|Any CPU.ActiveCfg = Debug|Any CPU
		{5FBD8937-1009-4C3D-9E25-2CA5F6AEEEDC}.Debug|Any CPU.Build.0 = Debug|Any CPU
		{5FBD8937-1009-4C3D-9E25-2CA5F6AEEEDC}.Release|Any CPU.ActiveCfg = Release|Any CPU
		{5FBD8937-1009-4C3D-9E25-2CA5F6AEEEDC}.Release|Any CPU.Build.0 = Release|Any CPU
	EndGlobalSection
	GlobalSection(SolutionProperties) = preSolution
		HideSolutionNode = FALSE
	EndGlobalSection
	GlobalSection(NestedProjects) = preSolution
		{CC62D27A-3DB7-4CC7-A9FF-6BFE0DCD1052} = {02EA681E-C7D8-13C7-8484-4AC65E1B71E8}
		{5FBD8937-1009-4C3D-9E25-2CA5F6AEEEDC} = {CC62D27A-3DB7-4CC7-A9FF-6BFE0DCD1052}
	EndGlobalSection
	GlobalSection(ExtensibilityGlobals) = postSolution
		SolutionGuid = {A81057B0-5935-4A0F-9EF3-B5AACE7BE23D}
	EndGlobalSection
EndGlobal
